// !$*UTF8*$!
{
	archiveVersion = 1;
	classes = {
	};
	objectVersion = 48;
	objects = {

/* Begin PBXBuildFile section */
		12CDB70420A2DBE900882BB7 /* AppDelegate.swift in Sources */ = {isa = PBXBuildFile; fileRef = 12CDB70320A2DBE900882BB7 /* AppDelegate.swift */; };
		12CDB70620A2DBE900882BB7 /* ViewController.swift in Sources */ = {isa = PBXBuildFile; fileRef = 12CDB70520A2DBE900882BB7 /* ViewController.swift */; };
		12CDB70920A2DBE900882BB7 /* Main.storyboard in Resources */ = {isa = PBXBuildFile; fileRef = 12CDB70720A2DBE900882BB7 /* Main.storyboard */; };
		12CDB70B20A2DBE900882BB7 /* Assets.xcassets in Resources */ = {isa = PBXBuildFile; fileRef = 12CDB70A20A2DBE900882BB7 /* Assets.xcassets */; };
		12CDB70E20A2DBE900882BB7 /* LaunchScreen.storyboard in Resources */ = {isa = PBXBuildFile; fileRef = 12CDB70C20A2DBE900882BB7 /* LaunchScreen.storyboard */; };
		12CDB71920A2DBEA00882BB7 /* assignment4Tests.swift in Sources */ = {isa = PBXBuildFile; fileRef = 12CDB71820A2DBEA00882BB7 /* assignment4Tests.swift */; };
		12CDB72420A2DBEA00882BB7 /* assignment4UITests.swift in Sources */ = {isa = PBXBuildFile; fileRef = 12CDB72320A2DBEA00882BB7 /* assignment4UITests.swift */; };
/* End PBXBuildFile section */

/* Begin PBXContainerItemProxy section */
		12CDB71520A2DBEA00882BB7 /* PBXContainerItemProxy */ = {
			isa = PBXContainerItemProxy;
			containerPortal = 12CDB6F820A2DBE900882BB7 /* Project object */;
			proxyType = 1;
			remoteGlobalIDString = 12CDB6FF20A2DBE900882BB7;
			remoteInfo = assignment4;
		};
		12CDB72020A2DBEA00882BB7 /* PBXContainerItemProxy */ = {
			isa = PBXContainerItemProxy;
			containerPortal = 12CDB6F820A2DBE900882BB7 /* Project object */;
			proxyType = 1;
			remoteGlobalIDString = 12CDB6FF20A2DBE900882BB7;
			remoteInfo = assignment4;
		};
/* End PBXContainerItemProxy section */

/* Begin PBXFileReference section */
		12CDB70020A2DBE900882BB7 /* assignment4.app */ = {isa = PBXFileReference; explicitFileType = wrapper.application; includeInIndex = 0; path = assignment4.app; sourceTree = BUILT_PRODUCTS_DIR; };
		12CDB70320A2DBE900882BB7 /* AppDelegate.swift */ = {isa = PBXFileReference; lastKnownFileType = sourcecode.swift; path = AppDelegate.swift; sourceTree = "<group>"; };
		12CDB70520A2DBE900882BB7 /* ViewController.swift */ = {isa = PBXFileReference; lastKnownFileType = sourcecode.swift; path = ViewController.swift; sourceTree = "<group>"; };
		12CDB70820A2DBE900882BB7 /* Base */ = {isa = PBXFileReference; lastKnownFileType = file.storyboard; name = Base; path = Base.lproj/Main.storyboard; sourceTree = "<group>"; };
		12CDB70A20A2DBE900882BB7 /* Assets.xcassets */ = {isa = PBXFileReference; lastKnownFileType = folder.assetcatalog; path = Assets.xcassets; sourceTree = "<group>"; };
		12CDB70D20A2DBE900882BB7 /* Base */ = {isa = PBXFileReference; lastKnownFileType = file.storyboard; name = Base; path = Base.lproj/LaunchScreen.storyboard; sourceTree = "<group>"; };
		12CDB70F20A2DBE900882BB7 /* Info.plist */ = {isa = PBXFileReference; lastKnownFileType = text.plist.xml; path = Info.plist; sourceTree = "<group>"; };
		12CDB71420A2DBEA00882BB7 /* assignment4Tests.xctest */ = {isa = PBXFileReference; explicitFileType = wrapper.cfbundle; includeInIndex = 0; path = assignment4Tests.xctest; sourceTree = BUILT_PRODUCTS_DIR; };
		12CDB71820A2DBEA00882BB7 /* assignment4Tests.swift */ = {isa = PBXFileReference; lastKnownFileType = sourcecode.swift; path = assignment4Tests.swift; sourceTree = "<group>"; };
		12CDB71A20A2DBEA00882BB7 /* Info.plist */ = {isa = PBXFileReference; lastKnownFileType = text.plist.xml; path = Info.plist; sourceTree = "<group>"; };
		12CDB71F20A2DBEA00882BB7 /* assignment4UITests.xctest */ = {isa = PBXFileReference; explicitFileType = wrapper.cfbundle; includeInIndex = 0; path = assignment4UITests.xctest; sourceTree = BUILT_PRODUCTS_DIR; };
		12CDB72320A2DBEA00882BB7 /* assignment4UITests.swift */ = {isa = PBXFileReference; lastKnownFileType = sourcecode.swift; path = assignment4UITests.swift; sourceTree = "<group>"; };
		12CDB72520A2DBEA00882BB7 /* Info.plist */ = {isa = PBXFileReference; lastKnownFileType = text.plist.xml; path = Info.plist; sourceTree = "<group>"; };
/* End PBXFileReference section */

/* Begin PBXFrameworksBuildPhase section */
		12CDB6FD20A2DBE900882BB7 /* Frameworks */ = {
			isa = PBXFrameworksBuildPhase;
			buildActionMask = 2147483647;
			files = (
			);
			runOnlyForDeploymentPostprocessing = 0;
		};
		12CDB71120A2DBEA00882BB7 /* Frameworks */ = {
			isa = PBXFrameworksBuildPhase;
			buildActionMask = 2147483647;
			files = (
			);
			runOnlyForDeploymentPostprocessing = 0;
		};
		12CDB71C20A2DBEA00882BB7 /* Frameworks */ = {
			isa = PBXFrameworksBuildPhase;
			buildActionMask = 2147483647;
			files = (
			);
			runOnlyForDeploymentPostprocessing = 0;
		};
/* End PBXFrameworksBuildPhase section */

/* Begin PBXGroup section */
		12CDB6F720A2DBE900882BB7 = {
			isa = PBXGroup;
			children = (
				12CDB70220A2DBE900882BB7 /* assignment4 */,
				12CDB71720A2DBEA00882BB7 /* assignment4Tests */,
				12CDB72220A2DBEA00882BB7 /* assignment4UITests */,
				12CDB70120A2DBE900882BB7 /* Products */,
			);
			sourceTree = "<group>";
		};
		12CDB70120A2DBE900882BB7 /* Products */ = {
			isa = PBXGroup;
			children = (
				12CDB70020A2DBE900882BB7 /* assignment4.app */,
				12CDB71420A2DBEA00882BB7 /* assignment4Tests.xctest */,
				12CDB71F20A2DBEA00882BB7 /* assignment4UITests.xctest */,
			);
			name = Products;
			sourceTree = "<group>";
		};
		12CDB70220A2DBE900882BB7 /* assignment4 */ = {
			isa = PBXGroup;
			children = (
				12CDB70320A2DBE900882BB7 /* AppDelegate.swift */,
				12CDB70520A2DBE900882BB7 /* ViewController.swift */,
				12CDB70720A2DBE900882BB7 /* Main.storyboard */,
				12CDB70A20A2DBE900882BB7 /* Assets.xcassets */,
				12CDB70C20A2DBE900882BB7 /* LaunchScreen.storyboard */,
				12CDB70F20A2DBE900882BB7 /* Info.plist */,
			);
			path = assignment4;
			sourceTree = "<group>";
		};
		12CDB71720A2DBEA00882BB7 /* assignment4Tests */ = {
			isa = PBXGroup;
			children = (
				12CDB71820A2DBEA00882BB7 /* assignment4Tests.swift */,
				12CDB71A20A2DBEA00882BB7 /* Info.plist */,
			);
			path = assignment4Tests;
			sourceTree = "<group>";
		};
		12CDB72220A2DBEA00882BB7 /* assignment4UITests */ = {
			isa = PBXGroup;
			children = (
				12CDB72320A2DBEA00882BB7 /* assignment4UITests.swift */,
				12CDB72520A2DBEA00882BB7 /* Info.plist */,
			);
			path = assignment4UITests;
			sourceTree = "<group>";
		};
/* End PBXGroup section */

/* Begin PBXNativeTarget section */
		12CDB6FF20A2DBE900882BB7 /* assignment4 */ = {
			isa = PBXNativeTarget;
			buildConfigurationList = 12CDB72820A2DBEA00882BB7 /* Build configuration list for PBXNativeTarget "assignment4" */;
			buildPhases = (
				12CDB6FC20A2DBE900882BB7 /* Sources */,
				12CDB6FD20A2DBE900882BB7 /* Frameworks */,
				12CDB6FE20A2DBE900882BB7 /* Resources */,
			);
			buildRules = (
			);
			dependencies = (
			);
			name = assignment4;
			productName = assignment4;
			productReference = 12CDB70020A2DBE900882BB7 /* assignment4.app */;
			productType = "com.apple.product-type.application";
		};
		12CDB71320A2DBEA00882BB7 /* assignment4Tests */ = {
			isa = PBXNativeTarget;
			buildConfigurationList = 12CDB72B20A2DBEA00882BB7 /* Build configuration list for PBXNativeTarget "assignment4Tests" */;
			buildPhases = (
				12CDB71020A2DBEA00882BB7 /* Sources */,
				12CDB71120A2DBEA00882BB7 /* Frameworks */,
				12CDB71220A2DBEA00882BB7 /* Resources */,
			);
			buildRules = (
			);
			dependencies = (
				12CDB71620A2DBEA00882BB7 /* PBXTargetDependency */,
			);
			name = assignment4Tests;
			productName = assignment4Tests;
			productReference = 12CDB71420A2DBEA00882BB7 /* assignment4Tests.xctest */;
			productType = "com.apple.product-type.bundle.unit-test";
		};
		12CDB71E20A2DBEA00882BB7 /* assignment4UITests */ = {
			isa = PBXNativeTarget;
			buildConfigurationList = 12CDB72E20A2DBEA00882BB7 /* Build configuration list for PBXNativeTarget "assignment4UITests" */;
			buildPhases = (
				12CDB71B20A2DBEA00882BB7 /* Sources */,
				12CDB71C20A2DBEA00882BB7 /* Frameworks */,
				12CDB71D20A2DBEA00882BB7 /* Resources */,
			);
			buildRules = (
			);
			dependencies = (
				12CDB72120A2DBEA00882BB7 /* PBXTargetDependency */,
			);
			name = assignment4UITests;
			productName = assignment4UITests;
			productReference = 12CDB71F20A2DBEA00882BB7 /* assignment4UITests.xctest */;
			productType = "com.apple.product-type.bundle.ui-testing";
		};
/* End PBXNativeTarget section */

/* Begin PBXProject section */
		12CDB6F820A2DBE900882BB7 /* Project object */ = {
			isa = PBXProject;
			attributes = {
				LastSwiftUpdateCheck = 0900;
				LastUpgradeCheck = 0900;
				ORGANIZATIONNAME = wenyuzhao;
				TargetAttributes = {
					12CDB6FF20A2DBE900882BB7 = {
						CreatedOnToolsVersion = 9.0.1;
						ProvisioningStyle = Automatic;
					};
					12CDB71320A2DBEA00882BB7 = {
						CreatedOnToolsVersion = 9.0.1;
						ProvisioningStyle = Automatic;
						TestTargetID = 12CDB6FF20A2DBE900882BB7;
					};
					12CDB71E20A2DBEA00882BB7 = {
						CreatedOnToolsVersion = 9.0.1;
						ProvisioningStyle = Automatic;
						TestTargetID = 12CDB6FF20A2DBE900882BB7;
					};
				};
			};
			buildConfigurationList = 12CDB6FB20A2DBE900882BB7 /* Build configuration list for PBXProject "assignment4" */;
			compatibilityVersion = "Xcode 8.0";
			developmentRegion = en;
			hasScannedForEncodings = 0;
			knownRegions = (
				en,
				Base,
			);
			mainGroup = 12CDB6F720A2DBE900882BB7;
			productRefGroup = 12CDB70120A2DBE900882BB7 /* Products */;
			projectDirPath = "";
			projectRoot = "";
			targets = (
				12CDB6FF20A2DBE900882BB7 /* assignment4 */,
				12CDB71320A2DBEA00882BB7 /* assignment4Tests */,
				12CDB71E20A2DBEA00882BB7 /* assignment4UITests */,
			);
		};
/* End PBXProject section */

/* Begin PBXResourcesBuildPhase section */
		12CDB6FE20A2DBE900882BB7 /* Resources */ = {
			isa = PBXResourcesBuildPhase;
			buildActionMask = 2147483647;
			files = (
				12CDB70E20A2DBE900882BB7 /* LaunchScreen.storyboard in Resources */,
				12CDB70B20A2DBE900882BB7 /* Assets.xcassets in Resources */,
				12CDB70920A2DBE900882BB7 /* Main.storyboard in Resources */,
			);
			runOnlyForDeploymentPostprocessing = 0;
		};
		12CDB71220A2DBEA00882BB7 /* Resources */ = {
			isa = PBXResourcesBuildPhase;
			buildActionMask = 2147483647;
			files = (
			);
			runOnlyForDeploymentPostprocessing = 0;
		};
		12CDB71D20A2DBEA00882BB7 /* Resources */ = {
			isa = PBXResourcesBuildPhase;
			buildActionMask = 2147483647;
			files = (
			);
			runOnlyForDeploymentPostprocessing = 0;
		};
/* End PBXResourcesBuildPhase section */

/* Begin PBXSourcesBuildPhase section */
		12CDB6FC20A2DBE900882BB7 /* Sources */ = {
			isa = PBXSourcesBuildPhase;
			buildActionMask = 2147483647;
			files = (
				12CDB70620A2DBE900882BB7 /* ViewController.swift in Sources */,
				12CDB70420A2DBE900882BB7 /* AppDelegate.swift in Sources */,
			);
			runOnlyForDeploymentPostprocessing = 0;
		};
		12CDB71020A2DBEA00882BB7 /* Sources */ = {
			isa = PBXSourcesBuildPhase;
			buildActionMask = 2147483647;
			files = (
				12CDB71920A2DBEA00882BB7 /* assignment4Tests.swift in Sources */,
			);
			runOnlyForDeploymentPostprocessing = 0;
		};
		12CDB71B20A2DBEA00882BB7 /* Sources */ = {
			isa = PBXSourcesBuildPhase;
			buildActionMask = 2147483647;
			files = (
				12CDB72420A2DBEA00882BB7 /* assignment4UITests.swift in Sources */,
			);
			runOnlyForDeploymentPostprocessing = 0;
		};
/* End PBXSourcesBuildPhase section */

/* Begin PBXTargetDependency section */
		12CDB71620A2DBEA00882BB7 /* PBXTargetDependency */ = {
			isa = PBXTargetDependency;
			target = 12CDB6FF20A2DBE900882BB7 /* assignment4 */;
			targetProxy = 12CDB71520A2DBEA00882BB7 /* PBXContainerItemProxy */;
		};
		12CDB72120A2DBEA00882BB7 /* PBXTargetDependency */ = {
			isa = PBXTargetDependency;
			target = 12CDB6FF20A2DBE900882BB7 /* assignment4 */;
			targetProxy = 12CDB72020A2DBEA00882BB7 /* PBXContainerItemProxy */;
		};
/* End PBXTargetDependency section */

/* Begin PBXVariantGroup section */
		12CDB70720A2DBE900882BB7 /* Main.storyboard */ = {
			isa = PBXVariantGroup;
			children = (
				12CDB70820A2DBE900882BB7 /* Base */,
			);
			name = Main.storyboard;
			sourceTree = "<group>";
		};
		12CDB70C20A2DBE900882BB7 /* LaunchScreen.storyboard */ = {
			isa = PBXVariantGroup;
			children = (
				12CDB70D20A2DBE900882BB7 /* Base */,
			);
			name = LaunchScreen.storyboard;
			sourceTree = "<group>";
		};
/* End PBXVariantGroup section */

/* Begin XCBuildConfiguration section */
		12CDB72620A2DBEA00882BB7 /* Debug */ = {
			isa = XCBuildConfiguration;
			buildSettings = {
				ALWAYS_SEARCH_USER_PATHS = NO;
				CLANG_ANALYZER_NONNULL = YES;
				CLANG_ANALYZER_NUMBER_OBJECT_CONVERSION = YES_AGGRESSIVE;
				CLANG_CXX_LANGUAGE_STANDARD = "gnu++14";
				CLANG_CXX_LIBRARY = "libc++";
				CLANG_ENABLE_MODULES = YES;
				CLANG_ENABLE_OBJC_ARC = YES;
				CLANG_WARN_BLOCK_CAPTURE_AUTORELEASING = YES;
				CLANG_WARN_BOOL_CONVERSION = YES;
				CLANG_WARN_COMMA = YES;
				CLANG_WARN_CONSTANT_CONVERSION = YES;
				CLANG_WARN_DIRECT_OBJC_ISA_USAGE = YES_ERROR;
				CLANG_WARN_DOCUMENTATION_COMMENTS = YES;
				CLANG_WARN_EMPTY_BODY = YES;
				CLANG_WARN_ENUM_CONVERSION = YES;
				CLANG_WARN_INFINITE_RECURSION = YES;
				CLANG_WARN_INT_CONVERSION = YES;
				CLANG_WARN_NON_LITERAL_NULL_CONVERSION = YES;
				CLANG_WARN_OBJC_LITERAL_CONVERSION = YES;
				CLANG_WARN_OBJC_ROOT_CLASS = YES_ERROR;
				CLANG_WARN_RANGE_LOOP_ANALYSIS = YES;
				CLANG_WARN_STRICT_PROTOTYPES = YES;
				CLANG_WARN_SUSPICIOUS_MOVE = YES;
				CLANG_WARN_UNGUARDED_AVAILABILITY = YES_AGGRESSIVE;
				CLANG_WARN_UNREACHABLE_CODE = YES;
				CLANG_WARN__DUPLICATE_METHOD_MATCH = YES;
				CODE_SIGN_IDENTITY = "iPhone Developer";
				COPY_PHASE_STRIP = NO;
				DEBUG_INFORMATION_FORMAT = dwarf;
				ENABLE_STRICT_OBJC_MSGSEND = YES;
				ENABLE_TESTABILITY = YES;
				GCC_C_LANGUAGE_STANDARD = gnu11;
				GCC_DYNAMIC_NO_PIC = NO;
				GCC_NO_COMMON_BLOCKS = YES;
				GCC_OPTIMIZATION_LEVEL = 0;
				GCC_PREPROCESSOR_DEFINITIONS = (
					"DEBUG=1",
					"$(inherited)",
				);
				GCC_WARN_64_TO_32_BIT_CONVERSION = YES;
				GCC_WARN_ABOUT_RETURN_TYPE = YES_ERROR;
				GCC_WARN_UNDECLARED_SELECTOR = YES;
				GCC_WARN_UNINITIALIZED_AUTOS = YES_AGGRESSIVE;
				GCC_WARN_UNUSED_FUNCTION = YES;
				GCC_WARN_UNUSED_VARIABLE = YES;
				IPHONEOS_DEPLOYMENT_TARGET = 11.0;
				MTL_ENABLE_DEBUG_INFO = YES;
				ONLY_ACTIVE_ARCH = YES;
				SDKROOT = iphoneos;
				SWIFT_ACTIVE_COMPILATION_CONDITIONS = DEBUG;
				SWIFT_OPTIMIZATION_LEVEL = "-Onone";
			};
			name = Debug;
		};
		12CDB72720A2DBEA00882BB7 /* Release */ = {
			isa = XCBuildConfiguration;
			buildSettings = {
				ALWAYS_SEARCH_USER_PATHS = NO;
				CLANG_ANALYZER_NONNULL = YES;
				CLANG_ANALYZER_NUMBER_OBJECT_CONVERSION = YES_AGGRESSIVE;
				CLANG_CXX_LANGUAGE_STANDARD = "gnu++14";
				CLANG_CXX_LIBRARY = "libc++";
				CLANG_ENABLE_MODULES = YES;
				CLANG_ENABLE_OBJC_ARC = YES;
				CLANG_WARN_BLOCK_CAPTURE_AUTORELEASING = YES;
				CLANG_WARN_BOOL_CONVERSION = YES;
				CLANG_WARN_COMMA = YES;
				CLANG_WARN_CONSTANT_CONVERSION = YES;
				CLANG_WARN_DIRECT_OBJC_ISA_USAGE = YES_ERROR;
				CLANG_WARN_DOCUMENTATION_COMMENTS = YES;
				CLANG_WARN_EMPTY_BODY = YES;
				CLANG_WARN_ENUM_CONVERSION = YES;
				CLANG_WARN_INFINITE_RECURSION = YES;
				CLANG_WARN_INT_CONVERSION = YES;
				CLANG_WARN_NON_LITERAL_NULL_CONVERSION = YES;
				CLANG_WARN_OBJC_LITERAL_CONVERSION = YES;
				CLANG_WARN_OBJC_ROOT_CLASS = YES_ERROR;
				CLANG_WARN_RANGE_LOOP_ANALYSIS = YES;
				CLANG_WARN_STRICT_PROTOTYPES = YES;
				CLANG_WARN_SUSPICIOUS_MOVE = YES;
				CLANG_WARN_UNGUARDED_AVAILABILITY = YES_AGGRESSIVE;
				CLANG_WARN_UNREACHABLE_CODE = YES;
				CLANG_WARN__DUPLICATE_METHOD_MATCH = YES;
				CODE_SIGN_IDENTITY = "iPhone Developer";
				COPY_PHASE_STRIP = NO;
				DEBUG_INFORMATION_FORMAT = "dwarf-with-dsym";
				ENABLE_NS_ASSERTIONS = NO;
				ENABLE_STRICT_OBJC_MSGSEND = YES;
				GCC_C_LANGUAGE_STANDARD = gnu11;
				GCC_NO_COMMON_BLOCKS = YES;
				GCC_WARN_64_TO_32_BIT_CONVERSION = YES;
				GCC_WARN_ABOUT_RETURN_TYPE = YES_ERROR;
				GCC_WARN_UNDECLARED_SELECTOR = YES;
				GCC_WARN_UNINITIALIZED_AUTOS = YES_AGGRESSIVE;
				GCC_WARN_UNUSED_FUNCTION = YES;
				GCC_WARN_UNUSED_VARIABLE = YES;
				IPHONEOS_DEPLOYMENT_TARGET = 11.0;
				MTL_ENABLE_DEBUG_INFO = NO;
				SDKROOT = iphoneos;
				SWIFT_OPTIMIZATION_LEVEL = "-Owholemodule";
				VALIDATE_PRODUCT = YES;
			};
			name = Release;
		};
		12CDB72920A2DBEA00882BB7 /* Debug */ = {
			isa = XCBuildConfiguration;
			buildSettings = {
				ASSETCATALOG_COMPILER_APPICON_NAME = AppIcon;
				CODE_SIGN_STYLE = Automatic;
				INFOPLIST_FILE = assignment4/Info.plist;
				LD_RUNPATH_SEARCH_PATHS = "$(inherited) @executable_path/Frameworks";
				PRODUCT_BUNDLE_IDENTIFIER = wenyuzhao.assignment4;
				PRODUCT_NAME = "$(TARGET_NAME)";
				SWIFT_VERSION = 4.0;
				TARGETED_DEVICE_FAMILY = "1,2";
			};
			name = Debug;
		};
		12CDB72A20A2DBEA00882BB7 /* Release */ = {
			isa = XCBuildConfiguration;
			buildSettings = {
				ASSETCATALOG_COMPILER_APPICON_NAME = AppIcon;
				CODE_SIGN_STYLE = Automatic;
				INFOPLIST_FILE = assignment4/Info.plist;
				LD_RUNPATH_SEARCH_PATHS = "$(inherited) @executable_path/Frameworks";
				PRODUCT_BUNDLE_IDENTIFIER = wenyuzhao.assignment4;
				PRODUCT_NAME = "$(TARGET_NAME)";
				SWIFT_VERSION = 4.0;
				TARGETED_DEVICE_FAMILY = "1,2";
			};
			name = Release;
		};
		12CDB72C20A2DBEA00882BB7 /* Debug */ = {
			isa = XCBuildConfiguration;
			buildSettings = {
				ALWAYS_EMBED_SWIFT_STANDARD_LIBRARIES = YES;
				BUNDLE_LOADER = "$(TEST_HOST)";
				CODE_SIGN_STYLE = Automatic;
				INFOPLIST_FILE = assignment4Tests/Info.plist;
				LD_RUNPATH_SEARCH_PATHS = "$(inherited) @executable_path/Frameworks @loader_path/Frameworks";
				PRODUCT_BUNDLE_IDENTIFIER = wenyuzhao.assignment4Tests;
				PRODUCT_NAME = "$(TARGET_NAME)";
				SWIFT_VERSION = 4.0;
				TARGETED_DEVICE_FAMILY = "1,2";
				TEST_HOST = "$(BUILT_PRODUCTS_DIR)/assignment4.app/assignment4";
			};
			name = Debug;
		};
		12CDB72D20A2DBEA00882BB7 /* Release */ = {
			isa = XCBuildConfiguration;
			buildSettings = {
				ALWAYS_EMBED_SWIFT_STANDARD_LIBRARIES = YES;
				BUNDLE_LOADER = "$(TEST_HOST)";
				CODE_SIGN_STYLE = Automatic;
				INFOPLIST_FILE = assignment4Tests/Info.plist;
				LD_RUNPATH_SEARCH_PATHS = "$(inherited) @executable_path/Frameworks @loader_path/Frameworks";
				PRODUCT_BUNDLE_IDENTIFIER = wenyuzhao.assignment4Tests;
				PRODUCT_NAME = "$(TARGET_NAME)";
				SWIFT_VERSION = 4.0;
				TARGETED_DEVICE_FAMILY = "1,2";
				TEST_HOST = "$(BUILT_PRODUCTS_DIR)/assignment4.app/assignment4";
			};
			name = Release;
		};
		12CDB72F20A2DBEA00882BB7 /* Debug */ = {
			isa = XCBuildConfiguration;
			buildSettings = {
				ALWAYS_EMBED_SWIFT_STANDARD_LIBRARIES = YES;
				CODE_SIGN_STYLE = Automatic;
				INFOPLIST_FILE = assignment4UITests/Info.plist;
				LD_RUNPATH_SEARCH_PATHS = "$(inherited) @executable_path/Frameworks @loader_path/Frameworks";
				PRODUCT_BUNDLE_IDENTIFIER = wenyuzhao.assignment4UITests;
				PRODUCT_NAME = "$(TARGET_NAME)";
				SWIFT_VERSION = 4.0;
				TARGETED_DEVICE_FAMILY = "1,2";
				TEST_TARGET_NAME = assignment4;
			};
			name = Debug;
		};
		12CDB73020A2DBEA00882BB7 /* Release */ = {
			isa = XCBuildConfiguration;
			buildSettings = {
				ALWAYS_EMBED_SWIFT_STANDARD_LIBRARIES = YES;
				CODE_SIGN_STYLE = Automatic;
				INFOPLIST_FILE = assignment4UITests/Info.plist;
				LD_RUNPATH_SEARCH_PATHS = "$(inherited) @executable_path/Frameworks @loader_path/Frameworks";
				PRODUCT_BUNDLE_IDENTIFIER = wenyuzhao.assignment4UITests;
				PRODUCT_NAME = "$(TARGET_NAME)";
				SWIFT_VERSION = 4.0;
				TARGETED_DEVICE_FAMILY = "1,2";
				TEST_TARGET_NAME = assignment4;
			};
			name = Release;
		};
/* End XCBuildConfiguration section */

/* Begin XCConfigurationList section */
		12CDB6FB20A2DBE900882BB7 /* Build configuration list for PBXProject "assignment4" */ = {
			isa = XCConfigurationList;
			buildConfigurations = (
				12CDB72620A2DBEA00882BB7 /* Debug */,
				12CDB72720A2DBEA00882BB7 /* Release */,
			);
			defaultConfigurationIsVisible = 0;
			defaultConfigurationName = Release;
		};
		12CDB72820A2DBEA00882BB7 /* Build configuration list for PBXNativeTarget "assignment4" */ = {
			isa = XCConfigurationList;
			buildConfigurations = (
				12CDB72920A2DBEA00882BB7 /* Debug */,
				12CDB72A20A2DBEA00882BB7 /* Release */,
			);
			defaultConfigurationIsVisible = 0;
			defaultConfigurationName = Release;
		};
		12CDB72B20A2DBEA00882BB7 /* Build configuration list for PBXNativeTarget "assignment4Tests" */ = {
			isa = XCConfigurationList;
			buildConfigurations = (
				12CDB72C20A2DBEA00882BB7 /* Debug */,
				12CDB72D20A2DBEA00882BB7 /* Release */,
			);
			defaultConfigurationIsVisible = 0;
			defaultConfigurationName = Release;
		};
		12CDB72E20A2DBEA00882BB7 /* Build configuration list for PBXNativeTarget "assignment4UITests" */ = {
			isa = XCConfigurationList;
			buildConfigurations = (
				12CDB72F20A2DBEA00882BB7 /* Debug */,
				12CDB73020A2DBEA00882BB7 /* Release */,
			);
			defaultConfigurationIsVisible = 0;
			defaultConfigurationName = Release;
		};
/* End XCConfigurationList section */
	};
	rootObject = 12CDB6F820A2DBE900882BB7 /* Project object */;
}
